Microsoft Visual Studio Solution File, Format Version 12.00
# Visual Studio Version 17
VisualStudioVersion = 17.10.35122.118
MinimumVisualStudioVersion = 10.0.40219.1
Project("{2150E333-8FDC-42A3-9474-1A3956D46DE8}") = "Sale", "Sale", "{05AE22CA-F965-4822-8DC0-FC6820004A8A}"
EndProject
Project("{2150E333-8FDC-42A3-9474-1A3956D46DE8}") = "Common", "Common", "{EAC3B3E7-22F3-48A2-A71C-AC52B43114BD}"
EndProject
Project("{2150E333-8FDC-42A3-9474-1A3956D46DE8}") = "Odoo", "Odoo", "{DF588E2C-1BEE-4C12-8B0E-F40E6092BCB7}"
EndProject
Project("{2150E333-8FDC-42A3-9474-1A3956D46DE8}") = "MOT", "MOT", "{B6641E62-2095-485A-AE94-46CB1EDE9F22}"
EndProject
Project("{2150E333-8FDC-42A3-9474-1A3956D46DE8}") = "Sms", "Sms", "{775B4AF8-B630-4AFD-8885-1A730B6EE3E4}"
EndProject
Project("{2150E333-8FDC-42A3-9474-1A3956D46DE8}") = "Payment", "Payment", "{00907FA5-D0F1-4ECC-8B0D-8DE577D547FF}"
EndProject
Project("{2150E333-8FDC-42A3-9474-1A3956D46DE8}") = "OdooPayment", "OdooPayment", "{6E6EF905-727E-43FB-9A5E-BA6935C3A601}"
EndProject
Project("{2150E333-8FDC-42A3-9474-1A3956D46DE8}") = "Solution Items", "Solution Items", "{8EC462FD-D22E-90A8-E5CE-7E832BA40C5D}"
	ProjectSection(SolutionItems) = preProject
		.dockerignore = .dockerignore
		.gitattributes = .gitattributes
		.gitignore = .gitignore
		README.md = README.md
	EndProjectSection
EndProject
Project("{FAE04EC0-301F-11D3-BF4B-00C04F79EFBC}") = "ApiService", "Common\ApiService\ApiService.csproj", "{A5B567F5-AA35-B85A-3AEC-01F0C90698C5}"
EndProject
Project("{FAE04EC0-301F-11D3-BF4B-00C04F79EFBC}") = "Application", "Common\Aplication\Application.csproj", "{18B34AD5-9F6D-FC63-B35E-D8A71AC2C602}"
EndProject
Project("{FAE04EC0-301F-11D3-BF4B-00C04F79EFBC}") = "Background", "Common\Background\Background.csproj", "{652EBC4C-9450-9FD2-D866-308D14EA2016}"
EndProject
Project("{FAE04EC0-301F-11D3-BF4B-00C04F79EFBC}") = "Contract", "Common\Contract\Contract.csproj", "{43102FB9-371A-2D18-8FB5-56165308945F}"
EndProject
Project("{FAE04EC0-301F-11D3-BF4B-00C04F79EFBC}") = "Domain", "Common\Domain\Domain.csproj", "{E4B899D9-C164-23F4-E78D-523521FD646A}"
EndProject
Project("{FAE04EC0-301F-11D3-BF4B-00C04F79EFBC}") = "Infrastructure", "Common\Infrastructure\Infrastructure.csproj", "{937B81CB-38B9-ACE4-CF83-F0DED61FE568}"
EndProject
Project("{FAE04EC0-301F-11D3-BF4B-00C04F79EFBC}") = "Integration", "Common\Integration\Integration.csproj", "{9B6BDC23-6F4A-7C59-C902-218BB5F518E2}"
EndProject
Project("{FAE04EC0-301F-11D3-BF4B-00C04F79EFBC}") = "Persistence", "Common\Persistence\Persistence.csproj", "{2DD28D4B-6A83-9ADA-9121-2E840E5F5870}"
EndProject
Project("{FAE04EC0-301F-11D3-BF4B-00C04F79EFBC}") = "ServiceDefaults", "Common\ServiceDefaults\ServiceDefaults.csproj", "{8A71D212-D09C-7ACA-2006-7D7EDDB09A98}"
EndProject
Project("{FAE04EC0-301F-11D3-BF4B-00C04F79EFBC}") = "Odoo.ApiService", "Odoo\Odoo.ApiService\Odoo.ApiService.csproj", "{04FA5BEB-5F3A-EBCE-DAE6-FB15A8CDA35E}"
EndProject
Project("{FAE04EC0-301F-11D3-BF4B-00C04F79EFBC}") = "Odoo.Domain", "Odoo\Odoo.Domain\Odoo.Domain.csproj", "{BCF6C47C-7963-8989-D256-E1E1DEDEC0D5}"
EndProject
Project("{FAE04EC0-301F-11D3-BF4B-00C04F79EFBC}") = "Odoo.Application", "Odoo\Odoo.Application\Odoo.Application.csproj", "{408274FD-9314-7EA4-2BA5-E57479D8F980}"
EndProject
Project("{FAE04EC0-301F-11D3-BF4B-00C04F79EFBC}") = "Odoo.Contract", "Odoo\Odoo.Contract\Odoo.Contract.csproj", "{A583872C-EFC8-FC8E-4C6F-49234A922858}"
EndProject
Project("{FAE04EC0-301F-11D3-BF4B-00C04F79EFBC}") = "Odoo.Persistence", "Odoo\Odoo.Persistence\Odoo.Persistence.csproj", "{91FC79C0-4F08-1499-6229-7BB9A91B81CF}"
EndProject
Project("{FAE04EC0-301F-11D3-BF4B-00C04F79EFBC}") = "Odoo.Infrastructure", "Odoo\Odoo.Infrastructure\Odoo.Infrastructure.csproj", "{0AD1F64C-D135-FD00-5C59-B372A63E709C}"
EndProject
Project("{FAE04EC0-301F-11D3-BF4B-00C04F79EFBC}") = "Sale.Domain", "Sale\Sale.Domain\Sale.Domain.csproj", "{7213E254-AF3F-DA5A-EDB0-F9B25B5373AD}"
EndProject
Project("{FAE04EC0-301F-11D3-BF4B-00C04F79EFBC}") = "Sale.Contract", "Sale\Sale.Contract\Sale.Contract.csproj", "{44922213-5251-EB54-4600-1B499DBA313F}"
EndProject
Project("{FAE04EC0-301F-11D3-BF4B-00C04F79EFBC}") = "Sale.Application", "Sale\Sale.Application\Sale.Application.csproj", "{EB291F31-97C5-5674-3B7C-B6C5E7CD3CE1}"
EndProject
Project("{FAE04EC0-301F-11D3-BF4B-00C04F79EFBC}") = "Sale.Persistence", "Sale\Sale.Persistence\Sale.Persistence.csproj", "{4926B7EA-2EB9-BBA7-654E-C43092CC2425}"
EndProject
Project("{FAE04EC0-301F-11D3-BF4B-00C04F79EFBC}") = "Sale.Infrastructure", "Sale\Sale.Infrastructure\Sale.Infrastructure.csproj", "{9C0E6C38-0131-15C9-F112-04188EA42F87}"
EndProject
Project("{FAE04EC0-301F-11D3-BF4B-00C04F79EFBC}") = "Sale.ApiService", "Sale\Sale.ApiService\Sale.ApiService.csproj", "{50047DA4-1D34-6FAF-D395-02349F4D8FD0}"
EndProject
Project("{FAE04EC0-301F-11D3-BF4B-00C04F79EFBC}") = "Sale.Background", "Sale\Sale.Background\Sale.Background.csproj", "{F920B271-F92A-793B-0D74-906FBE314CFC}"
EndProject
Project("{FAE04EC0-301F-11D3-BF4B-00C04F79EFBC}") = "MOT.Contract", "MOT\MOT.Contract\MOT.Contract.csproj", "{93F8AB78-0E7D-E75B-F3D6-E8CBC80AE6FD}"
EndProject
Project("{FAE04EC0-301F-11D3-BF4B-00C04F79EFBC}") = "MOT.Application", "MOT\MOT.Application\MOT.Application.csproj", "{7E9343D0-B6A6-37CB-F7CD-C79F64BA04BC}"
EndProject
Project("{FAE04EC0-301F-11D3-BF4B-00C04F79EFBC}") = "MOT.Infrastructure", "MOT\MOT.Infrastructure\MOT.Infrastructure.csproj", "{E6DE906B-CEFA-53E0-4113-AB18F23B9A84}"
EndProject
Project("{FAE04EC0-301F-11D3-BF4B-00C04F79EFBC}") = "MOT.ApiService", "MOT\MOT.ApiService\MOT.ApiService.csproj", "{32AF3707-0F61-6372-0AC2-D41DE7BBEB5D}"
EndProject
Project("{FAE04EC0-301F-11D3-BF4B-00C04F79EFBC}") = "Sms.ApiService", "Sms\Sms.ApiService\Sms.ApiService.csproj", "{71E47C29-71F9-4B15-0726-D20B28B4A053}"
EndProject
Project("{FAE04EC0-301F-11D3-BF4B-00C04F79EFBC}") = "Sms.Application", "Sms\Sms.Application\Sms.Application.csproj", "{19C00094-1A83-BB3B-2786-870F6A6309EC}"
EndProject
Project("{FAE04EC0-301F-11D3-BF4B-00C04F79EFBC}") = "Sms.Background", "Sms\Sms.Background\Sms.Background.csproj", "{8E5569FE-5012-4E78-421B-1F7A79E11FA2}"
EndProject
Project("{FAE04EC0-301F-11D3-BF4B-00C04F79EFBC}") = "Sms.Contract", "Sms\Sms.Contract\Sms.Contract.csproj", "{43838222-64FE-8932-DFA2-EE083F7BB4E9}"
EndProject
Project("{FAE04EC0-301F-11D3-BF4B-00C04F79EFBC}") = "Sms.Domain", "Sms\Sms.Domain\Sms.Domain.csproj", "{5F9D88E1-6B28-58F2-8FAA-D7CBD9CB8DA4}"
EndProject
Project("{FAE04EC0-301F-11D3-BF4B-00C04F79EFBC}") = "Sms.Persistence", "Sms\Sms.Persistence\Sms.Persistence.csproj", "{295A9216-316B-52F0-66AE-59BC44610E93}"
EndProject
Project("{FAE04EC0-301F-11D3-BF4B-00C04F79EFBC}") = "OdooPayment.ApiService", "OdooPayment\OdooPayment.ApiService\OdooPayment.ApiService.csproj", "{B0488251-9CD6-BC7C-8BAB-B31F8EB17A03}"
EndProject
Project("{FAE04EC0-301F-11D3-BF4B-00C04F79EFBC}") = "OdooPayment.Application", "OdooPayment\OdooPayment.Application\OdooPayment.Application.csproj", "{4F512FF6-F6F2-1CD1-3B9C-1C989CB95278}"
EndProject
Project("{FAE04EC0-301F-11D3-BF4B-00C04F79EFBC}") = "OdooPayment.Background", "OdooPayment\OdooPayment.Background\OdooPayment.Background.csproj", "{E416BF90-1FAD-6364-2C47-B6A22CB75C0D}"
EndProject
Project("{FAE04EC0-301F-11D3-BF4B-00C04F79EFBC}") = "OdooPayment.Contract", "OdooPayment\OdooPayment.Contract\OdooPayment.Contract.csproj", "{986362F5-896A-98D4-0634-AF7863A21973}"
EndProject
Project("{FAE04EC0-301F-11D3-BF4B-00C04F79EFBC}") = "OdooPayment.Infrastructure", "OdooPayment\OdooPayment.Infrastructure\OdooPayment.Infrastructure.csproj", "{5E895812-2791-50CC-3269-EC72D9C00EC8}"
EndProject
Project("{FAE04EC0-301F-11D3-BF4B-00C04F79EFBC}") = "Payment.Persistence", "Payment\Payment.Persistence\Payment.Persistence.csproj", "{BBCDE786-3237-ACF3-93EF-AF2C57C07115}"
EndProject
Global
	GlobalSection(SolutionConfigurationPlatforms) = preSolution
		Debug|Any CPU = Debug|Any CPU
		Release|Any CPU = Release|Any CPU
	EndGlobalSection
	GlobalSection(ProjectConfigurationPlatforms) = postSolution
		{A5B567F5-AA35-B85A-3AEC-01F0C90698C5}.Debug|Any CPU.ActiveCfg = Debug|Any CPU
		{A5B567F5-AA35-B85A-3AEC-01F0C90698C5}.Debug|Any CPU.Build.0 = Debug|Any CPU
		{A5B567F5-AA35-B85A-3AEC-01F0C90698C5}.Release|Any CPU.ActiveCfg = Release|Any CPU
		{A5B567F5-AA35-B85A-3AEC-01F0C90698C5}.Release|Any CPU.Build.0 = Release|Any CPU
		{18B34AD5-9F6D-FC63-B35E-D8A71AC2C602}.Debug|Any CPU.ActiveCfg = Debug|Any CPU
		{18B34AD5-9F6D-FC63-B35E-D8A71AC2C602}.Debug|Any CPU.Build.0 = Debug|Any CPU
		{18B34AD5-9F6D-FC63-B35E-D8A71AC2C602}.Release|Any CPU.ActiveCfg = Release|Any CPU
		{18B34AD5-9F6D-FC63-B35E-D8A71AC2C602}.Release|Any CPU.Build.0 = Release|Any CPU
		{652EBC4C-9450-9FD2-D866-308D14EA2016}.Debug|Any CPU.ActiveCfg = Debug|Any CPU
		{652EBC4C-9450-9FD2-D866-308D14EA2016}.Debug|Any CPU.Build.0 = Debug|Any CPU
		{652EBC4C-9450-9FD2-D866-308D14EA2016}.Release|Any CPU.ActiveCfg = Release|Any CPU
		{652EBC4C-9450-9FD2-D866-308D14EA2016}.Release|Any CPU.Build.0 = Release|Any CPU
		{43102FB9-371A-2D18-8FB5-56165308945F}.Debug|Any CPU.ActiveCfg = Debug|Any CPU
		{43102FB9-371A-2D18-8FB5-56165308945F}.Debug|Any CPU.Build.0 = Debug|Any CPU
		{43102FB9-371A-2D18-8FB5-56165308945F}.Release|Any CPU.ActiveCfg = Release|Any CPU
		{43102FB9-371A-2D18-8FB5-56165308945F}.Release|Any CPU.Build.0 = Release|Any CPU
		{E4B899D9-C164-23F4-E78D-523521FD646A}.Debug|Any CPU.ActiveCfg = Debug|Any CPU
		{E4B899D9-C164-23F4-E78D-523521FD646A}.Debug|Any CPU.Build.0 = Debug|Any CPU
		{E4B899D9-C164-23F4-E78D-523521FD646A}.Release|Any CPU.ActiveCfg = Release|Any CPU
		{E4B899D9-C164-23F4-E78D-523521FD646A}.Release|Any CPU.Build.0 = Release|Any CPU
		{937B81CB-38B9-ACE4-CF83-F0DED61FE568}.Debug|Any CPU.ActiveCfg = Debug|Any CPU
		{937B81CB-38B9-ACE4-CF83-F0DED61FE568}.Debug|Any CPU.Build.0 = Debug|Any CPU
		{937B81CB-38B9-ACE4-CF83-F0DED61FE568}.Release|Any CPU.ActiveCfg = Release|Any CPU
		{937B81CB-38B9-ACE4-CF83-F0DED61FE568}.Release|Any CPU.Build.0 = Release|Any CPU
		{9B6BDC23-6F4A-7C59-C902-218BB5F518E2}.Debug|Any CPU.ActiveCfg = Debug|Any CPU
		{9B6BDC23-6F4A-7C59-C902-218BB5F518E2}.Debug|Any CPU.Build.0 = Debug|Any CPU
		{9B6BDC23-6F4A-7C59-C902-218BB5F518E2}.Release|Any CPU.ActiveCfg = Release|Any CPU
		{9B6BDC23-6F4A-7C59-C902-218BB5F518E2}.Release|Any CPU.Build.0 = Release|Any CPU
		{2DD28D4B-6A83-9ADA-9121-2E840E5F5870}.Debug|Any CPU.ActiveCfg = Debug|Any CPU
		{2DD28D4B-6A83-9ADA-9121-2E840E5F5870}.Debug|Any CPU.Build.0 = Debug|Any CPU
		{2DD28D4B-6A83-9ADA-9121-2E840E5F5870}.Release|Any CPU.ActiveCfg = Release|Any CPU
		{2DD28D4B-6A83-9ADA-9121-2E840E5F5870}.Release|Any CPU.Build.0 = Release|Any CPU
		{8A71D212-D09C-7ACA-2006-7D7EDDB09A98}.Debug|Any CPU.ActiveCfg = Debug|Any CPU
		{8A71D212-D09C-7ACA-2006-7D7EDDB09A98}.Debug|Any CPU.Build.0 = Debug|Any CPU
		{8A71D212-D09C-7ACA-2006-7D7EDDB09A98}.Release|Any CPU.ActiveCfg = Release|Any CPU
		{8A71D212-D09C-7ACA-2006-7D7EDDB09A98}.Release|Any CPU.Build.0 = Release|Any CPU
		{04FA5BEB-5F3A-EBCE-DAE6-FB15A8CDA35E}.Debug|Any CPU.ActiveCfg = Debug|Any CPU
		{04FA5BEB-5F3A-EBCE-DAE6-FB15A8CDA35E}.Debug|Any CPU.Build.0 = Debug|Any CPU
		{04FA5BEB-5F3A-EBCE-DAE6-FB15A8CDA35E}.Release|Any CPU.ActiveCfg = Release|Any CPU
		{04FA5BEB-5F3A-EBCE-DAE6-FB15A8CDA35E}.Release|Any CPU.Build.0 = Release|Any CPU
		{BCF6C47C-7963-8989-D256-E1E1DEDEC0D5}.Debug|Any CPU.ActiveCfg = Debug|Any CPU
		{BCF6C47C-7963-8989-D256-E1E1DEDEC0D5}.Debug|Any CPU.Build.0 = Debug|Any CPU
		{BCF6C47C-7963-8989-D256-E1E1DEDEC0D5}.Release|Any CPU.ActiveCfg = Release|Any CPU
		{BCF6C47C-7963-8989-D256-E1E1DEDEC0D5}.Release|Any CPU.Build.0 = Release|Any CPU
		{408274FD-9314-7EA4-2BA5-E57479D8F980}.Debug|Any CPU.ActiveCfg = Debug|Any CPU
		{408274FD-9314-7EA4-2BA5-E57479D8F980}.Debug|Any CPU.Build.0 = Debug|Any CPU
		{408274FD-9314-7EA4-2BA5-E57479D8F980}.Release|Any CPU.ActiveCfg = Release|Any CPU
		{408274FD-9314-7EA4-2BA5-E57479D8F980}.Release|Any CPU.Build.0 = Release|Any CPU
		{A583872C-EFC8-FC8E-4C6F-49234A922858}.Debug|Any CPU.ActiveCfg = Debug|Any CPU
		{A583872C-EFC8-FC8E-4C6F-49234A922858}.Debug|Any CPU.Build.0 = Debug|Any CPU
		{A583872C-EFC8-FC8E-4C6F-49234A922858}.Release|Any CPU.ActiveCfg = Release|Any CPU
		{A583872C-EFC8-FC8E-4C6F-49234A922858}.Release|Any CPU.Build.0 = Release|Any CPU
		{91FC79C0-4F08-1499-6229-7BB9A91B81CF}.Debug|Any CPU.ActiveCfg = Debug|Any CPU
		{91FC79C0-4F08-1499-6229-7BB9A91B81CF}.Debug|Any CPU.Build.0 = Debug|Any CPU
		{91FC79C0-4F08-1499-6229-7BB9A91B81CF}.Release|Any CPU.ActiveCfg = Release|Any CPU
		{91FC79C0-4F08-1499-6229-7BB9A91B81CF}.Release|Any CPU.Build.0 = Release|Any CPU
		{0AD1F64C-D135-FD00-5C59-B372A63E709C}.Debug|Any CPU.ActiveCfg = Debug|Any CPU
		{0AD1F64C-D135-FD00-5C59-B372A63E709C}.Debug|Any CPU.Build.0 = Debug|Any CPU
		{0AD1F64C-D135-FD00-5C59-B372A63E709C}.Release|Any CPU.ActiveCfg = Release|Any CPU
		{0AD1F64C-D135-FD00-5C59-B372A63E709C}.Release|Any CPU.Build.0 = Release|Any CPU
		{7213E254-AF3F-DA5A-EDB0-F9B25B5373AD}.Debug|Any CPU.ActiveCfg = Debug|Any CPU
		{7213E254-AF3F-DA5A-EDB0-F9B25B5373AD}.Debug|Any CPU.Build.0 = Debug|Any CPU
		{7213E254-AF3F-DA5A-EDB0-F9B25B5373AD}.Release|Any CPU.ActiveCfg = Release|Any CPU
		{7213E254-AF3F-DA5A-EDB0-F9B25B5373AD}.Release|Any CPU.Build.0 = Release|Any CPU
		{44922213-5251-EB54-4600-1B499DBA313F}.Debug|Any CPU.ActiveCfg = Debug|Any CPU
		{44922213-5251-EB54-4600-1B499DBA313F}.Debug|Any CPU.Build.0 = Debug|Any CPU
		{44922213-5251-EB54-4600-1B499DBA313F}.Release|Any CPU.ActiveCfg = Release|Any CPU
		{44922213-5251-EB54-4600-1B499DBA313F}.Release|Any CPU.Build.0 = Release|Any CPU
		{EB291F31-97C5-5674-3B7C-B6C5E7CD3CE1}.Debug|Any CPU.ActiveCfg = Debug|Any CPU
		{EB291F31-97C5-5674-3B7C-B6C5E7CD3CE1}.Debug|Any CPU.Build.0 = Debug|Any CPU
		{EB291F31-97C5-5674-3B7C-B6C5E7CD3CE1}.Release|Any CPU.ActiveCfg = Release|Any CPU
		{EB291F31-97C5-5674-3B7C-B6C5E7CD3CE1}.Release|Any CPU.Build.0 = Release|Any CPU
		{4926B7EA-2EB9-BBA7-654E-C43092CC2425}.Debug|Any CPU.ActiveCfg = Debug|Any CPU
		{4926B7EA-2EB9-BBA7-654E-C43092CC2425}.Debug|Any CPU.Build.0 = Debug|Any CPU
		{4926B7EA-2EB9-BBA7-654E-C43092CC2425}.Release|Any CPU.ActiveCfg = Release|Any CPU
		{4926B7EA-2EB9-BBA7-654E-C43092CC2425}.Release|Any CPU.Build.0 = Release|Any CPU
		{9C0E6C38-0131-15C9-F112-04188EA42F87}.Debug|Any CPU.ActiveCfg = Debug|Any CPU
		{9C0E6C38-0131-15C9-F112-04188EA42F87}.Debug|Any CPU.Build.0 = Debug|Any CPU
		{9C0E6C38-0131-15C9-F112-04188EA42F87}.Release|Any CPU.ActiveCfg = Release|Any CPU
		{9C0E6C38-0131-15C9-F112-04188EA42F87}.Release|Any CPU.Build.0 = Release|Any CPU
		{50047DA4-1D34-6FAF-D395-02349F4D8FD0}.Debug|Any CPU.ActiveCfg = Debug|Any CPU
		{50047DA4-1D34-6FAF-D395-02349F4D8FD0}.Debug|Any CPU.Build.0 = Debug|Any CPU
		{50047DA4-1D34-6FAF-D395-02349F4D8FD0}.Release|Any CPU.ActiveCfg = Release|Any CPU
		{50047DA4-1D34-6FAF-D395-02349F4D8FD0}.Release|Any CPU.Build.0 = Release|Any CPU
		{F920B271-F92A-793B-0D74-906FBE314CFC}.Debug|Any CPU.ActiveCfg = Debug|Any CPU
		{F920B271-F92A-793B-0D74-906FBE314CFC}.Debug|Any CPU.Build.0 = Debug|Any CPU
		{F920B271-F92A-793B-0D74-906FBE314CFC}.Release|Any CPU.ActiveCfg = Release|Any CPU
		{F920B271-F92A-793B-0D74-906FBE314CFC}.Release|Any CPU.Build.0 = Release|Any CPU
		{93F8AB78-0E7D-E75B-F3D6-E8CBC80AE6FD}.Debug|Any CPU.ActiveCfg = Debug|Any CPU
		{93F8AB78-0E7D-E75B-F3D6-E8CBC80AE6FD}.Debug|Any CPU.Build.0 = Debug|Any CPU
		{93F8AB78-0E7D-E75B-F3D6-E8CBC80AE6FD}.Release|Any CPU.ActiveCfg = Release|Any CPU
		{93F8AB78-0E7D-E75B-F3D6-E8CBC80AE6FD}.Release|Any CPU.Build.0 = Release|Any CPU
		{7E9343D0-B6A6-37CB-F7CD-C79F64BA04BC}.Debug|Any CPU.ActiveCfg = Debug|Any CPU
		{7E9343D0-B6A6-37CB-F7CD-C79F64BA04BC}.Debug|Any CPU.Build.0 = Debug|Any CPU
		{7E9343D0-B6A6-37CB-F7CD-C79F64BA04BC}.Release|Any CPU.ActiveCfg = Release|Any CPU
		{7E9343D0-B6A6-37CB-F7CD-C79F64BA04BC}.Release|Any CPU.Build.0 = Release|Any CPU
		{E6DE906B-CEFA-53E0-4113-AB18F23B9A84}.Debug|Any CPU.ActiveCfg = Debug|Any CPU
		{E6DE906B-CEFA-53E0-4113-AB18F23B9A84}.Debug|Any CPU.Build.0 = Debug|Any CPU
		{E6DE906B-CEFA-53E0-4113-AB18F23B9A84}.Release|Any CPU.ActiveCfg = Release|Any CPU
		{E6DE906B-CEFA-53E0-4113-AB18F23B9A84}.Release|Any CPU.Build.0 = Release|Any CPU
		{32AF3707-0F61-6372-0AC2-D41DE7BBEB5D}.Debug|Any CPU.ActiveCfg = Debug|Any CPU
		{32AF3707-0F61-6372-0AC2-D41DE7BBEB5D}.Debug|Any CPU.Build.0 = Debug|Any CPU
		{32AF3707-0F61-6372-0AC2-D41DE7BBEB5D}.Release|Any CPU.ActiveCfg = Release|Any CPU
		{32AF3707-0F61-6372-0AC2-D41DE7BBEB5D}.Release|Any CPU.Build.0 = Release|Any CPU
		{71E47C29-71F9-4B15-0726-D20B28B4A053}.Debug|Any CPU.ActiveCfg = Debug|Any CPU
		{71E47C29-71F9-4B15-0726-D20B28B4A053}.Debug|Any CPU.Build.0 = Debug|Any CPU
		{71E47C29-71F9-4B15-0726-D20B28B4A053}.Release|Any CPU.ActiveCfg = Release|Any CPU
		{71E47C29-71F9-4B15-0726-D20B28B4A053}.Release|Any CPU.Build.0 = Release|Any CPU
		{19C00094-1A83-BB3B-2786-870F6A6309EC}.Debug|Any CPU.ActiveCfg = Debug|Any CPU
		{19C00094-1A83-BB3B-2786-870F6A6309EC}.Debug|Any CPU.Build.0 = Debug|Any CPU
		{19C00094-1A83-BB3B-2786-870F6A6309EC}.Release|Any CPU.ActiveCfg = Release|Any CPU
		{19C00094-1A83-BB3B-2786-870F6A6309EC}.Release|Any CPU.Build.0 = Release|Any CPU
		{8E5569FE-5012-4E78-421B-1F7A79E11FA2}.Debug|Any CPU.ActiveCfg = Debug|Any CPU
		{8E5569FE-5012-4E78-421B-1F7A79E11FA2}.Debug|Any CPU.Build.0 = Debug|Any CPU
		{8E5569FE-5012-4E78-421B-1F7A79E11FA2}.Release|Any CPU.ActiveCfg = Release|Any CPU
		{8E5569FE-5012-4E78-421B-1F7A79E11FA2}.Release|Any CPU.Build.0 = Release|Any CPU
		{43838222-64FE-8932-DFA2-EE083F7BB4E9}.Debug|Any CPU.ActiveCfg = Debug|Any CPU
		{43838222-64FE-8932-DFA2-EE083F7BB4E9}.Debug|Any CPU.Build.0 = Debug|Any CPU
		{43838222-64FE-8932-DFA2-EE083F7BB4E9}.Release|Any CPU.ActiveCfg = Release|Any CPU
		{43838222-64FE-8932-DFA2-EE083F7BB4E9}.Release|Any CPU.Build.0 = Release|Any CPU
		{5F9D88E1-6B28-58F2-8FAA-D7CBD9CB8DA4}.Debug|Any CPU.ActiveCfg = Debug|Any CPU
		{5F9D88E1-6B28-58F2-8FAA-D7CBD9CB8DA4}.Debug|Any CPU.Build.0 = Debug|Any CPU
		{5F9D88E1-6B28-58F2-8FAA-D7CBD9CB8DA4}.Release|Any CPU.ActiveCfg = Release|Any CPU
		{5F9D88E1-6B28-58F2-8FAA-D7CBD9CB8DA4}.Release|Any CPU.Build.0 = Release|Any CPU
		{295A9216-316B-52F0-66AE-59BC44610E93}.Debug|Any CPU.ActiveCfg = Debug|Any CPU
		{295A9216-316B-52F0-66AE-59BC44610E93}.Debug|Any CPU.Build.0 = Debug|Any CPU
		{295A9216-316B-52F0-66AE-59BC44610E93}.Release|Any CPU.ActiveCfg = Release|Any CPU
		{295A9216-316B-52F0-66AE-59BC44610E93}.Release|Any CPU.Build.0 = Release|Any CPU
		{B0488251-9CD6-BC7C-8BAB-B31F8EB17A03}.Debug|Any CPU.ActiveCfg = Debug|Any CPU
		{B0488251-9CD6-BC7C-8BAB-B31F8EB17A03}.Debug|Any CPU.Build.0 = Debug|Any CPU
		{B0488251-9CD6-BC7C-8BAB-B31F8EB17A03}.Release|Any CPU.ActiveCfg = Release|Any CPU
		{B0488251-9CD6-BC7C-8BAB-B31F8EB17A03}.Release|Any CPU.Build.0 = Release|Any CPU
		{4F512FF6-F6F2-1CD1-3B9C-1C989CB95278}.Debug|Any CPU.ActiveCfg = Debug|Any CPU
		{4F512FF6-F6F2-1CD1-3B9C-1C989CB95278}.Debug|Any CPU.Build.0 = Debug|Any CPU
		{4F512FF6-F6F2-1CD1-3B9C-1C989CB95278}.Release|Any CPU.ActiveCfg = Release|Any CPU
		{4F512FF6-F6F2-1CD1-3B9C-1C989CB95278}.Release|Any CPU.Build.0 = Release|Any CPU
		{E416BF90-1FAD-6364-2C47-B6A22CB75C0D}.Debug|Any CPU.ActiveCfg = Debug|Any CPU
		{E416BF90-1FAD-6364-2C47-B6A22CB75C0D}.Debug|Any CPU.Build.0 = Debug|Any CPU
		{E416BF90-1FAD-6364-2C47-B6A22CB75C0D}.Release|Any CPU.ActiveCfg = Release|Any CPU
		{E416BF90-1FAD-6364-2C47-B6A22CB75C0D}.Release|Any CPU.Build.0 = Release|Any CPU
		{986362F5-896A-98D4-0634-AF7863A21973}.Debug|Any CPU.ActiveCfg = Debug|Any CPU
		{986362F5-896A-98D4-0634-AF7863A21973}.Debug|Any CPU.Build.0 = Debug|Any CPU
		{986362F5-896A-98D4-0634-AF7863A21973}.Release|Any CPU.ActiveCfg = Release|Any CPU
		{986362F5-896A-98D4-0634-AF7863A21973}.Release|Any CPU.Build.0 = Release|Any CPU
		{5E895812-2791-50CC-3269-EC72D9C00EC8}.Debug|Any CPU.ActiveCfg = Debug|Any CPU
		{5E895812-2791-50CC-3269-EC72D9C00EC8}.Debug|Any CPU.Build.0 = Debug|Any CPU
		{5E895812-2791-50CC-3269-EC72D9C00EC8}.Release|Any CPU.ActiveCfg = Release|Any CPU
		{5E895812-2791-50CC-3269-EC72D9C00EC8}.Release|Any CPU.Build.0 = Release|Any CPU
		{BBCDE786-3237-ACF3-93EF-AF2C57C07115}.Debug|Any CPU.ActiveCfg = Debug|Any CPU
		{BBCDE786-3237-ACF3-93EF-AF2C57C07115}.Debug|Any CPU.Build.0 = Debug|Any CPU
		{BBCDE786-3237-ACF3-93EF-AF2C57C07115}.Release|Any CPU.ActiveCfg = Release|Any CPU
		{BBCDE786-3237-ACF3-93EF-AF2C57C07115}.Release|Any CPU.Build.0 = Release|Any CPU
	EndGlobalSection
	GlobalSection(SolutionProperties) = preSolution
		HideSolutionNode = FALSE
	EndGlobalSection
	GlobalSection(NestedProjects) = preSolution
		{A5B567F5-AA35-B85A-3AEC-01F0C90698C5} = {EAC3B3E7-22F3-48A2-A71C-AC52B43114BD}
		{18B34AD5-9F6D-FC63-B35E-D8A71AC2C602} = {EAC3B3E7-22F3-48A2-A71C-AC52B43114BD}
		{652EBC4C-9450-9FD2-D866-308D14EA2016} = {EAC3B3E7-22F3-48A2-A71C-AC52B43114BD}
		{43102FB9-371A-2D18-8FB5-56165308945F} = {EAC3B3E7-22F3-48A2-A71C-AC52B43114BD}
		{E4B899D9-C164-23F4-E78D-523521FD646A} = {EAC3B3E7-22F3-48A2-A71C-AC52B43114BD}
		{937B81CB-38B9-ACE4-CF83-F0DED61FE568} = {EAC3B3E7-22F3-48A2-A71C-AC52B43114BD}
		{9B6BDC23-6F4A-7C59-C902-218BB5F518E2} = {EAC3B3E7-22F3-48A2-A71C-AC52B43114BD}
		{2DD28D4B-6A83-9ADA-9121-2E840E5F5870} = {EAC3B3E7-22F3-48A2-A71C-AC52B43114BD}
		{8A71D212-D09C-7ACA-2006-7D7EDDB09A98} = {EAC3B3E7-22F3-48A2-A71C-AC52B43114BD}
		{04FA5BEB-5F3A-EBCE-DAE6-FB15A8CDA35E} = {DF588E2C-1BEE-4C12-8B0E-F40E6092BCB7}
		{BCF6C47C-7963-8989-D256-E1E1DEDEC0D5} = {DF588E2C-1BEE-4C12-8B0E-F40E6092BCB7}
		{408274FD-9314-7EA4-2BA5-E57479D8F980} = {DF588E2C-1BEE-4C12-8B0E-F40E6092BCB7}
		{A583872C-EFC8-FC8E-4C6F-49234A922858} = {DF588E2C-1BEE-4C12-8B0E-F40E6092BCB7}
		{91FC79C0-4F08-1499-6229-7BB9A91B81CF} = {DF588E2C-1BEE-4C12-8B0E-F40E6092BCB7}
		{0AD1F64C-D135-FD00-5C59-B372A63E709C} = {DF588E2C-1BEE-4C12-8B0E-F40E6092BCB7}
		{7213E254-AF3F-DA5A-EDB0-F9B25B5373AD} = {05AE22CA-F965-4822-8DC0-FC6820004A8A}
		{44922213-5251-EB54-4600-1B499DBA313F} = {05AE22CA-F965-4822-8DC0-FC6820004A8A}
		{EB291F31-97C5-5674-3B7C-B6C5E7CD3CE1} = {05AE22CA-F965-4822-8DC0-FC6820004A8A}
		{4926B7EA-2EB9-BBA7-654E-C43092CC2425} = {05AE22CA-F965-4822-8DC0-FC6820004A8A}
		{9C0E6C38-0131-15C9-F112-04188EA42F87} = {05AE22CA-F965-4822-8DC0-FC6820004A8A}
		{50047DA4-1D34-6FAF-D395-02349F4D8FD0} = {05AE22CA-F965-4822-8DC0-FC6820004A8A}
		{F920B271-F92A-793B-0D74-906FBE314CFC} = {05AE22CA-F965-4822-8DC0-FC6820004A8A}
		{93F8AB78-0E7D-E75B-F3D6-E8CBC80AE6FD} = {B6641E62-2095-485A-AE94-46CB1EDE9F22}
		{7E9343D0-B6A6-37CB-F7CD-C79F64BA04BC} = {B6641E62-2095-485A-AE94-46CB1EDE9F22}
		{E6DE906B-CEFA-53E0-4113-AB18F23B9A84} = {B6641E62-2095-485A-AE94-46CB1EDE9F22}
		{32AF3707-0F61-6372-0AC2-D41DE7BBEB5D} = {B6641E62-2095-485A-AE94-46CB1EDE9F22}
		{71E47C29-71F9-4B15-0726-D20B28B4A053} = {775B4AF8-B630-4AFD-8885-1A730B6EE3E4}
		{19C00094-1A83-BB3B-2786-870F6A6309EC} = {775B4AF8-B630-4AFD-8885-1A730B6EE3E4}
		{8E5569FE-5012-4E78-421B-1F7A79E11FA2} = {775B4AF8-B630-4AFD-8885-1A730B6EE3E4}
		{43838222-64FE-8932-DFA2-EE083F7BB4E9} = {775B4AF8-B630-4AFD-8885-1A730B6EE3E4}
		{5F9D88E1-6B28-58F2-8FAA-D7CBD9CB8DA4} = {775B4AF8-B630-4AFD-8885-1A730B6EE3E4}
		{295A9216-316B-52F0-66AE-59BC44610E93} = {775B4AF8-B630-4AFD-8885-1A730B6EE3E4}
		{B0488251-9CD6-BC7C-8BAB-B31F8EB17A03} = {6E6EF905-727E-43FB-9A5E-BA6935C3A601}
		{4F512FF6-F6F2-1CD1-3B9C-1C989CB95278} = {6E6EF905-727E-43FB-9A5E-BA6935C3A601}
		{E416BF90-1FAD-6364-2C47-B6A22CB75C0D} = {6E6EF905-727E-43FB-9A5E-BA6935C3A601}
		{986362F5-896A-98D4-0634-AF7863A21973} = {6E6EF905-727E-43FB-9A5E-BA6935C3A601}
		{5E895812-2791-50CC-3269-EC72D9C00EC8} = {6E6EF905-727E-43FB-9A5E-BA6935C3A601}
		{BBCDE786-3237-ACF3-93EF-AF2C57C07115} = {00907FA5-D0F1-4ECC-8B0D-8DE577D547FF}
	EndGlobalSection
	GlobalSection(ExtensibilityGlobals) = postSolution
		SolutionGuid = {3918AD18-BD23-4EE1-855F-05EF4526F9EA}
	EndGlobalSection
EndGlobal
